
Microsoft Visual Studio Solution File, Format Version 11.00
# Visual Studio 2010
Project("{8BC9CEB8-8B4A-11D0-8D11-00A0C91BC942}") = "Homework1", "..\Homework1\Homework1\Homework1.vcxproj", "{EFDB14FB-7561-489A-B8C4-9816EF10BD2A}"
EndProject
Global
	GlobalSection(SolutionConfigurationPlatforms) = preSolution
		Debug|Win32 = Debug|Win32
		Release|Win32 = Release|Win32
	EndGlobalSection
	GlobalSection(ProjectConfigurationPlatforms) = postSolution
		{EFDB14FB-7561-489A-B8C4-9816EF10BD2A}.Debug|Win32.ActiveCfg = Debug|Win32
		{EFDB14FB-7561-489A-B8C4-9816EF10BD2A}.Debug|Win32.Build.0 = Debug|Win32
		{EFDB14FB-7561-489A-B8C4-9816EF10BD2A}.Release|Win32.ActiveCfg = Release|Win32
		{EFDB14FB-7561-489A-B8C4-9816EF10BD2A}.Release|Win32.Build.0 = Release|Win32
	EndGlobalSection
	GlobalSection(SolutionProperties) = preSolution
		HideSolutionNode = FALSE
	EndGlobalSection
EndGlobal
